# This file is generated by running "yarn install" inside your project.
# Manual changes might be lost - proceed with caution!

__metadata:
  version: 6
  cacheKey: 8

"@jsdotlua/promise@workspace:.":
  version: 0.0.0-use.local
  resolution: "@jsdotlua/promise@workspace:."
  dependencies:
    npmluau: ^0.1.1
  languageName: unknown
  linkType: soft

"commander@npm:^11.0.0":
  version: 11.1.0
  resolution: "commander@npm:11.1.0"
  checksum: fd1a8557c6b5b622c89ecdfde703242ab7db3b628ea5d1755784c79b8e7cb0d74d65b4a262289b533359cd58e1bfc0bf50245dfbcd2954682a6f367c828b79ef
  languageName: node
  linkType: hard

"npmluau@npm:^0.1.1":
  version: 0.1.1
  resolution: "npmluau@npm:0.1.1"
  dependencies:
    commander: ^11.0.0
    walkdir: ^0.4.1
  bin:
    npmluau: main.js
  checksum: b0d2acd5ce126257119b9af306cdfc2b40ea5a4de0cec9b033d623425fba6976dabb75d138bc73abadef61ab4de2d271d1cfeddef961d1b573e2a9d7cdaf9b8e
  languageName: node
  linkType: hard

"walkdir@npm:^0.4.1":
  version: 0.4.1
  resolution: "walkdir@npm:0.4.1"
  checksum: 71045c21dc19aae3321f897b6e9e507cf8039202665c35a0b908eecccaf25636aab769b31cbd61ef8267237fe22fc316923a691ecc2d9d38840a15c59c0f2594
  languageName: node
  linkType: hard
