# This file is generated by running "yarn install" inside your project.
# Manual changes might be lost - proceed with caution!

__metadata:
  version: 8
  cacheKey: 10c0

"@jsdotlua/promise@workspace:.":
  version: 0.0.0-use.local
  resolution: "@jsdotlua/promise@workspace:."
  dependencies:
    npmluau: "npm:^0.1.2"
  languageName: unknown
  linkType: soft

"commander@npm:^11.0.0":
  version: 11.1.0
  resolution: "commander@npm:11.1.0"
  checksum: 13cc6ac875e48780250f723fb81c1c1178d35c5decb1abb1b628b3177af08a8554e76b2c0f29de72d69eef7c864d12613272a71fabef8047922bc622ab75a179
  languageName: node
  linkType: hard

"npmluau@npm:^0.1.2":
  version: 0.1.2
  resolution: "npmluau@npm:0.1.2"
  dependencies:
    commander: "npm:^11.0.0"
    walkdir: "npm:^0.4.1"
  bin:
    npmluau: main.js
  checksum: 665e23da3e4329faaa324bc98cebc23e7a540bde6dabbf8b6033dc7360fc74d635688fe712a919462bfc3d4db8c54c503c7e0cd0bf92c704b55afe4087ff0e3c
  languageName: node
  linkType: hard

"walkdir@npm:^0.4.1":
  version: 0.4.1
  resolution: "walkdir@npm:0.4.1"
  checksum: 88e635aa9303e9196e4dc15013d2bd4afca4c8c8b4bb27722ca042bad213bb882d3b9141b3b0cca6bfb274f7889b30cf58d6374844094abec0016f335c5414dc
  languageName: node
  linkType: hard
